
Microsoft Visual Studio Solution File, Format Version 12.00
# Visual Studio 15
VisualStudioVersion = 15.0.28307.539
MinimumVisualStudioVersion = 10.0.40219.1
Project("{FAE04EC0-301F-11D3-BF4B-00C04F79EFBC}") = "WFA.morganmckinley.Interview", "WFA.morganmckinley.Interview\WFA.morganmckinley.Interview.csproj", "{B9DCA55D-BABC-4F88-85BB-E9EF062C925D}"
EndProject
Project("{FAE04EC0-301F-11D3-BF4B-00C04F79EFBC}") = "WFA.morganmckinley.Interview.Tests", "WFA.morganmckinley.Interview.Tests\WFA.morganmckinley.Interview.Tests.csproj", "{6889CF8F-36FA-4049-985F-B624DB988B6C}"
EndProject
Global
	GlobalSection(SolutionConfigurationPlatforms) = preSolution
		Debug|Any CPU = Debug|Any CPU
		Release|Any CPU = Release|Any CPU
	EndGlobalSection
	GlobalSection(ProjectConfigurationPlatforms) = postSolution
		{B9DCA55D-BABC-4F88-85BB-E9EF062C925D}.Debug|Any CPU.ActiveCfg = Debug|Any CPU
		{B9DCA55D-BABC-4F88-85BB-E9EF062C925D}.Debug|Any CPU.Build.0 = Debug|Any CPU
		{B9DCA55D-BABC-4F88-85BB-E9EF062C925D}.Release|Any CPU.ActiveCfg = Release|Any CPU
		{B9DCA55D-BABC-4F88-85BB-E9EF062C925D}.Release|Any CPU.Build.0 = Release|Any CPU
		{6889CF8F-36FA-4049-985F-B624DB988B6C}.Debug|Any CPU.ActiveCfg = Debug|Any CPU
		{6889CF8F-36FA-4049-985F-B624DB988B6C}.Debug|Any CPU.Build.0 = Debug|Any CPU
		{6889CF8F-36FA-4049-985F-B624DB988B6C}.Release|Any CPU.ActiveCfg = Release|Any CPU
		{6889CF8F-36FA-4049-985F-B624DB988B6C}.Release|Any CPU.Build.0 = Release|Any CPU
	EndGlobalSection
	GlobalSection(SolutionProperties) = preSolution
		HideSolutionNode = FALSE
	EndGlobalSection
	GlobalSection(ExtensibilityGlobals) = postSolution
		SolutionGuid = {6A26EAE0-1516-41E8-AF8E-AAC90058BA74}
	EndGlobalSection
EndGlobal
